
Microsoft Visual Studio Solution File, Format Version 12.00
# Visual Studio Version 16
VisualStudioVersion = 16.0.31515.178
MinimumVisualStudioVersion = 10.0.40219.1
Project("{FAE04EC0-301F-11D3-BF4B-00C04F79EFBC}") = "NaflimHelperLibrary", "NaflimHelperLibrary.csproj", "{DE92617E-BB9B-4EEE-A74C-849956C24C1C}"
EndProject
Global
	GlobalSection(SolutionConfigurationPlatforms) = preSolution
		Debug|Any CPU = Debug|Any CPU
		Release|Any CPU = Release|Any CPU
	EndGlobalSection
	GlobalSection(ProjectConfigurationPlatforms) = postSolution
		{DE92617E-BB9B-4EEE-A74C-849956C24C1C}.Debug|Any CPU.ActiveCfg = Debug|Any CPU
		{DE92617E-BB9B-4EEE-A74C-849956C24C1C}.Debug|Any CPU.Build.0 = Debug|Any CPU
		{DE92617E-BB9B-4EEE-A74C-849956C24C1C}.Release|Any CPU.ActiveCfg = Release|Any CPU
		{DE92617E-BB9B-4EEE-A74C-849956C24C1C}.Release|Any CPU.Build.0 = Release|Any CPU
	EndGlobalSection
	GlobalSection(SolutionProperties) = preSolution
		HideSolutionNode = FALSE
	EndGlobalSection
	GlobalSection(ExtensibilityGlobals) = postSolution
		SolutionGuid = {968B57C9-DB3E-4E71-B6FB-1C7D24EC1532}
	EndGlobalSection
EndGlobal
